
Microsoft Visual Studio Solution File, Format Version 12.00
# Visual Studio Version 17
VisualStudioVersion = 17.7.34221.43
MinimumVisualStudioVersion = 10.0.40219.1
Project("{9A19103F-16F7-4668-BE54-9A1E7A4F7556}") = "MonefyWeb.Application.WebPage", "MonefyWeb.Application.WebPage\MonefyWeb.Application.WebPage.csproj", "{8B912896-9476-4948-9173-9C3D3305EAFF}"
EndProject
Project("{9A19103F-16F7-4668-BE54-9A1E7A4F7556}") = "MonefyWeb.DomainServices.DomainWebPage", "MonefyWeb.DomainServices.DomainWebPage\MonefyWeb.DomainServices.DomainWebPage.csproj", "{185628B7-664C-4461-8489-8EC7EB98FB1E}"
EndProject
Project("{9A19103F-16F7-4668-BE54-9A1E7A4F7556}") = "MonefyWeb.Infraestructure.RepositoryWebPage", "MonefyWeb.Infraestructure.RepositoryWebPage\MonefyWeb.Infraestructure.RepositoryWebPage.csproj", "{C656AFB6-71E8-4F28-AE82-40A8B4729E51}"
EndProject
Project("{9A19103F-16F7-4668-BE54-9A1E7A4F7556}") = "MonefyWeb.ApplicationServices.ApplicationWebPage", "MonefyWeb.ApplicationServices.ApplicationWebPage\MonefyWeb.ApplicationServices.ApplicationWebPage.csproj", "{AAC2DD44-8139-482F-995F-CA2EEAAE55E2}"
EndProject
Project("{9A19103F-16F7-4668-BE54-9A1E7A4F7556}") = "MonefyWeb.Transversal.WebModels", "MonefyWeb.Transversal.WebModels\MonefyWeb.Transversal.WebModels.csproj", "{C8D93CE5-7E30-49B8-8377-11A6978B0E5C}"
EndProject
Project("{9A19103F-16F7-4668-BE54-9A1E7A4F7556}") = "MonefyWeb.Transversal.WebMappers", "MonefyWeb.Transversal.WebMappers\MonefyWeb.Transversal.WebMappers.csproj", "{D335F3FC-5DFA-4AB8-80D1-3A66FE978B1B}"
EndProject
Project("{9A19103F-16F7-4668-BE54-9A1E7A4F7556}") = "MonefyWeb.Application.ModelsWebPage", "MonefyWeb.Application.ModelsWebPage\MonefyWeb.Application.ModelsWebPage.csproj", "{B603AC20-E5CD-4DF5-8DEC-916A5C6D7A72}"
EndProject
Project("{9A19103F-16F7-4668-BE54-9A1E7A4F7556}") = "MonefyWeb.DomainServices.ModelsWebPage", "MonefyWeb.DomainServices.ModelsWebPage\MonefyWeb.DomainServices.ModelsWebPage.csproj", "{5682F619-EB4A-4164-BA90-DC51AD9B2054}"
EndProject
Project("{9A19103F-16F7-4668-BE54-9A1E7A4F7556}") = "MonefyWeb.Infraestructure.ServiceAgentsWebPage", "MonefyWeb.Infraestructure.ServiceAgentsWebPage\MonefyWeb.Infraestructure.ServiceAgentsWebPage.csproj", "{1639E34A-E6B2-448F-A258-6297B72ECE13}"
EndProject
Project("{2150E333-8FDC-42A3-9474-1A3956D46DE8}") = "1. Web Page", "1. Web Page", "{91D45265-71D8-4F52-9989-CC947204CF0E}"
EndProject
Project("{2150E333-8FDC-42A3-9474-1A3956D46DE8}") = "2. Application", "2. Application", "{7ECECE0C-4DC8-4E01-A8BD-1154F23F042A}"
EndProject
Project("{2150E333-8FDC-42A3-9474-1A3956D46DE8}") = "3. Domain", "3. Domain", "{6EFB7F9D-A8C7-4500-8085-7B2A3E29E992}"
EndProject
Project("{2150E333-8FDC-42A3-9474-1A3956D46DE8}") = "4. Infraestructure", "4. Infraestructure", "{A5762813-9EDF-4C68-8131-D117E72145E6}"
EndProject
Project("{2150E333-8FDC-42A3-9474-1A3956D46DE8}") = "Tests", "Tests", "{0EBB05AE-5CD7-4070-A941-B85AE24C8681}"
EndProject
Project("{2150E333-8FDC-42A3-9474-1A3956D46DE8}") = "5. Transversal", "5. Transversal", "{ED3B2139-1C6E-4095-8F47-14FFB317D002}"
EndProject
Project("{9A19103F-16F7-4668-BE54-9A1E7A4F7556}") = "MonefyWeb.Infrastructure.DataModels", "MonefyWeb.Infrastructure.DataModels\MonefyWeb.Infrastructure.DataModels.csproj", "{A901CA8C-2FC2-45DC-B466-52939517EFE2}"
EndProject
Project("{9A19103F-16F7-4668-BE54-9A1E7A4F7556}") = "MonefyWeb.Utils.ServiceAgents", "MonefyWeb.Utils.ServiceAgents\MonefyWeb.Utils.ServiceAgents.csproj", "{CB504F5F-279E-49F5-8BBC-ED77C2D8E819}"
EndProject
Project("{9A19103F-16F7-4668-BE54-9A1E7A4F7556}") = "MonefyWeb.Transversal.Aspects", "MonefyWeb.Transversal.Aspects\MonefyWeb.Transversal.Aspects.csproj", "{0FA63215-119B-42FC-AA83-34BC3E0745A1}"
EndProject
Project("{9A19103F-16F7-4668-BE54-9A1E7A4F7556}") = "MonefyWeb.Transversal.Exceptions", "MonefyWeb.Transversal.Exceptions\MonefyWeb.Transversal.Exceptions.csproj", "{7B779082-85AB-44E9-8735-B82640BFE7FE}"
EndProject
Project("{9A19103F-16F7-4668-BE54-9A1E7A4F7556}") = "MonefyWeb.Transversal.Mappers", "MonefyWeb.Transversal.Mappers\MonefyWeb.Transversal.Mappers.csproj", "{950F69A4-3BE5-4A30-8042-A1FD6C725B4E}"
EndProject
Project("{9A19103F-16F7-4668-BE54-9A1E7A4F7556}") = "MonefyWeb.Transversal.Utils", "MonefyWeb.Transversal.Utils\MonefyWeb.Transversal.Utils.csproj", "{4510E895-77CE-4159-8D6F-6C2AFCE0069E}"
EndProject
Project("{FAE04EC0-301F-11D3-BF4B-00C04F79EFBC}") = "MonefyWeb.DomainServices.RepositoryContracts", "MonefyWeb.DomainServices.RepositoryContracts\MonefyWeb.DomainServices.RepositoryContracts.csproj", "{348D0DB7-1126-49A0-917B-1CAA2ED15210}"
EndProject
Project("{FAE04EC0-301F-11D3-BF4B-00C04F79EFBC}") = "MonefyWeb.ApplicationServices.Models", "MonefyWeb.ApplicationServices.Models\MonefyWeb.ApplicationServices.Models.csproj", "{3CE65B81-2164-4CD9-8DEB-1E1022C9FF8F}"
EndProject
Global
	GlobalSection(SolutionConfigurationPlatforms) = preSolution
		Debug|Any CPU = Debug|Any CPU
		Release|Any CPU = Release|Any CPU
	EndGlobalSection
	GlobalSection(ProjectConfigurationPlatforms) = postSolution
		{8B912896-9476-4948-9173-9C3D3305EAFF}.Debug|Any CPU.ActiveCfg = Debug|Any CPU
		{8B912896-9476-4948-9173-9C3D3305EAFF}.Debug|Any CPU.Build.0 = Debug|Any CPU
		{8B912896-9476-4948-9173-9C3D3305EAFF}.Release|Any CPU.ActiveCfg = Release|Any CPU
		{8B912896-9476-4948-9173-9C3D3305EAFF}.Release|Any CPU.Build.0 = Release|Any CPU
		{185628B7-664C-4461-8489-8EC7EB98FB1E}.Debug|Any CPU.ActiveCfg = Debug|Any CPU
		{185628B7-664C-4461-8489-8EC7EB98FB1E}.Debug|Any CPU.Build.0 = Debug|Any CPU
		{185628B7-664C-4461-8489-8EC7EB98FB1E}.Release|Any CPU.ActiveCfg = Release|Any CPU
		{185628B7-664C-4461-8489-8EC7EB98FB1E}.Release|Any CPU.Build.0 = Release|Any CPU
		{C656AFB6-71E8-4F28-AE82-40A8B4729E51}.Debug|Any CPU.ActiveCfg = Debug|Any CPU
		{C656AFB6-71E8-4F28-AE82-40A8B4729E51}.Debug|Any CPU.Build.0 = Debug|Any CPU
		{C656AFB6-71E8-4F28-AE82-40A8B4729E51}.Release|Any CPU.ActiveCfg = Release|Any CPU
		{C656AFB6-71E8-4F28-AE82-40A8B4729E51}.Release|Any CPU.Build.0 = Release|Any CPU
		{AAC2DD44-8139-482F-995F-CA2EEAAE55E2}.Debug|Any CPU.ActiveCfg = Debug|Any CPU
		{AAC2DD44-8139-482F-995F-CA2EEAAE55E2}.Debug|Any CPU.Build.0 = Debug|Any CPU
		{AAC2DD44-8139-482F-995F-CA2EEAAE55E2}.Release|Any CPU.ActiveCfg = Release|Any CPU
		{AAC2DD44-8139-482F-995F-CA2EEAAE55E2}.Release|Any CPU.Build.0 = Release|Any CPU
		{C8D93CE5-7E30-49B8-8377-11A6978B0E5C}.Debug|Any CPU.ActiveCfg = Debug|Any CPU
		{C8D93CE5-7E30-49B8-8377-11A6978B0E5C}.Debug|Any CPU.Build.0 = Debug|Any CPU
		{C8D93CE5-7E30-49B8-8377-11A6978B0E5C}.Release|Any CPU.ActiveCfg = Release|Any CPU
		{C8D93CE5-7E30-49B8-8377-11A6978B0E5C}.Release|Any CPU.Build.0 = Release|Any CPU
		{D335F3FC-5DFA-4AB8-80D1-3A66FE978B1B}.Debug|Any CPU.ActiveCfg = Debug|Any CPU
		{D335F3FC-5DFA-4AB8-80D1-3A66FE978B1B}.Debug|Any CPU.Build.0 = Debug|Any CPU
		{D335F3FC-5DFA-4AB8-80D1-3A66FE978B1B}.Release|Any CPU.ActiveCfg = Release|Any CPU
		{D335F3FC-5DFA-4AB8-80D1-3A66FE978B1B}.Release|Any CPU.Build.0 = Release|Any CPU
		{B603AC20-E5CD-4DF5-8DEC-916A5C6D7A72}.Debug|Any CPU.ActiveCfg = Debug|Any CPU
		{B603AC20-E5CD-4DF5-8DEC-916A5C6D7A72}.Debug|Any CPU.Build.0 = Debug|Any CPU
		{B603AC20-E5CD-4DF5-8DEC-916A5C6D7A72}.Release|Any CPU.ActiveCfg = Release|Any CPU
		{B603AC20-E5CD-4DF5-8DEC-916A5C6D7A72}.Release|Any CPU.Build.0 = Release|Any CPU
		{5682F619-EB4A-4164-BA90-DC51AD9B2054}.Debug|Any CPU.ActiveCfg = Debug|Any CPU
		{5682F619-EB4A-4164-BA90-DC51AD9B2054}.Debug|Any CPU.Build.0 = Debug|Any CPU
		{5682F619-EB4A-4164-BA90-DC51AD9B2054}.Release|Any CPU.ActiveCfg = Release|Any CPU
		{5682F619-EB4A-4164-BA90-DC51AD9B2054}.Release|Any CPU.Build.0 = Release|Any CPU
		{1639E34A-E6B2-448F-A258-6297B72ECE13}.Debug|Any CPU.ActiveCfg = Debug|Any CPU
		{1639E34A-E6B2-448F-A258-6297B72ECE13}.Debug|Any CPU.Build.0 = Debug|Any CPU
		{1639E34A-E6B2-448F-A258-6297B72ECE13}.Release|Any CPU.ActiveCfg = Release|Any CPU
		{1639E34A-E6B2-448F-A258-6297B72ECE13}.Release|Any CPU.Build.0 = Release|Any CPU
		{A901CA8C-2FC2-45DC-B466-52939517EFE2}.Debug|Any CPU.ActiveCfg = Debug|Any CPU
		{A901CA8C-2FC2-45DC-B466-52939517EFE2}.Debug|Any CPU.Build.0 = Debug|Any CPU
		{A901CA8C-2FC2-45DC-B466-52939517EFE2}.Release|Any CPU.ActiveCfg = Release|Any CPU
		{A901CA8C-2FC2-45DC-B466-52939517EFE2}.Release|Any CPU.Build.0 = Release|Any CPU
		{CB504F5F-279E-49F5-8BBC-ED77C2D8E819}.Debug|Any CPU.ActiveCfg = Debug|Any CPU
		{CB504F5F-279E-49F5-8BBC-ED77C2D8E819}.Debug|Any CPU.Build.0 = Debug|Any CPU
		{CB504F5F-279E-49F5-8BBC-ED77C2D8E819}.Release|Any CPU.ActiveCfg = Release|Any CPU
		{CB504F5F-279E-49F5-8BBC-ED77C2D8E819}.Release|Any CPU.Build.0 = Release|Any CPU
		{0FA63215-119B-42FC-AA83-34BC3E0745A1}.Debug|Any CPU.ActiveCfg = Debug|Any CPU
		{0FA63215-119B-42FC-AA83-34BC3E0745A1}.Debug|Any CPU.Build.0 = Debug|Any CPU
		{0FA63215-119B-42FC-AA83-34BC3E0745A1}.Release|Any CPU.ActiveCfg = Release|Any CPU
		{0FA63215-119B-42FC-AA83-34BC3E0745A1}.Release|Any CPU.Build.0 = Release|Any CPU
		{7B779082-85AB-44E9-8735-B82640BFE7FE}.Debug|Any CPU.ActiveCfg = Debug|Any CPU
		{7B779082-85AB-44E9-8735-B82640BFE7FE}.Debug|Any CPU.Build.0 = Debug|Any CPU
		{7B779082-85AB-44E9-8735-B82640BFE7FE}.Release|Any CPU.ActiveCfg = Release|Any CPU
		{7B779082-85AB-44E9-8735-B82640BFE7FE}.Release|Any CPU.Build.0 = Release|Any CPU
		{950F69A4-3BE5-4A30-8042-A1FD6C725B4E}.Debug|Any CPU.ActiveCfg = Debug|Any CPU
		{950F69A4-3BE5-4A30-8042-A1FD6C725B4E}.Debug|Any CPU.Build.0 = Debug|Any CPU
		{950F69A4-3BE5-4A30-8042-A1FD6C725B4E}.Release|Any CPU.ActiveCfg = Release|Any CPU
		{950F69A4-3BE5-4A30-8042-A1FD6C725B4E}.Release|Any CPU.Build.0 = Release|Any CPU
		{4510E895-77CE-4159-8D6F-6C2AFCE0069E}.Debug|Any CPU.ActiveCfg = Debug|Any CPU
		{4510E895-77CE-4159-8D6F-6C2AFCE0069E}.Debug|Any CPU.Build.0 = Debug|Any CPU
		{4510E895-77CE-4159-8D6F-6C2AFCE0069E}.Release|Any CPU.ActiveCfg = Release|Any CPU
		{4510E895-77CE-4159-8D6F-6C2AFCE0069E}.Release|Any CPU.Build.0 = Release|Any CPU
		{348D0DB7-1126-49A0-917B-1CAA2ED15210}.Debug|Any CPU.ActiveCfg = Debug|Any CPU
		{348D0DB7-1126-49A0-917B-1CAA2ED15210}.Debug|Any CPU.Build.0 = Debug|Any CPU
		{348D0DB7-1126-49A0-917B-1CAA2ED15210}.Release|Any CPU.ActiveCfg = Release|Any CPU
		{348D0DB7-1126-49A0-917B-1CAA2ED15210}.Release|Any CPU.Build.0 = Release|Any CPU
		{3CE65B81-2164-4CD9-8DEB-1E1022C9FF8F}.Debug|Any CPU.ActiveCfg = Debug|Any CPU
		{3CE65B81-2164-4CD9-8DEB-1E1022C9FF8F}.Debug|Any CPU.Build.0 = Debug|Any CPU
		{3CE65B81-2164-4CD9-8DEB-1E1022C9FF8F}.Release|Any CPU.ActiveCfg = Release|Any CPU
		{3CE65B81-2164-4CD9-8DEB-1E1022C9FF8F}.Release|Any CPU.Build.0 = Release|Any CPU
	EndGlobalSection
	GlobalSection(SolutionProperties) = preSolution
		HideSolutionNode = FALSE
	EndGlobalSection
	GlobalSection(NestedProjects) = preSolution
		{8B912896-9476-4948-9173-9C3D3305EAFF} = {91D45265-71D8-4F52-9989-CC947204CF0E}
		{185628B7-664C-4461-8489-8EC7EB98FB1E} = {6EFB7F9D-A8C7-4500-8085-7B2A3E29E992}
		{C656AFB6-71E8-4F28-AE82-40A8B4729E51} = {A5762813-9EDF-4C68-8131-D117E72145E6}
		{AAC2DD44-8139-482F-995F-CA2EEAAE55E2} = {7ECECE0C-4DC8-4E01-A8BD-1154F23F042A}
		{C8D93CE5-7E30-49B8-8377-11A6978B0E5C} = {ED3B2139-1C6E-4095-8F47-14FFB317D002}
		{D335F3FC-5DFA-4AB8-80D1-3A66FE978B1B} = {ED3B2139-1C6E-4095-8F47-14FFB317D002}
		{B603AC20-E5CD-4DF5-8DEC-916A5C6D7A72} = {91D45265-71D8-4F52-9989-CC947204CF0E}
		{5682F619-EB4A-4164-BA90-DC51AD9B2054} = {6EFB7F9D-A8C7-4500-8085-7B2A3E29E992}
		{1639E34A-E6B2-448F-A258-6297B72ECE13} = {A5762813-9EDF-4C68-8131-D117E72145E6}
		{A901CA8C-2FC2-45DC-B466-52939517EFE2} = {A5762813-9EDF-4C68-8131-D117E72145E6}
		{CB504F5F-279E-49F5-8BBC-ED77C2D8E819} = {ED3B2139-1C6E-4095-8F47-14FFB317D002}
		{0FA63215-119B-42FC-AA83-34BC3E0745A1} = {ED3B2139-1C6E-4095-8F47-14FFB317D002}
		{7B779082-85AB-44E9-8735-B82640BFE7FE} = {ED3B2139-1C6E-4095-8F47-14FFB317D002}
		{950F69A4-3BE5-4A30-8042-A1FD6C725B4E} = {ED3B2139-1C6E-4095-8F47-14FFB317D002}
		{4510E895-77CE-4159-8D6F-6C2AFCE0069E} = {ED3B2139-1C6E-4095-8F47-14FFB317D002}
		{348D0DB7-1126-49A0-917B-1CAA2ED15210} = {6EFB7F9D-A8C7-4500-8085-7B2A3E29E992}
		{3CE65B81-2164-4CD9-8DEB-1E1022C9FF8F} = {7ECECE0C-4DC8-4E01-A8BD-1154F23F042A}
	EndGlobalSection
	GlobalSection(ExtensibilityGlobals) = postSolution
		SolutionGuid = {C3131978-AB8D-49FB-B9D8-D1E2B66014CD}
	EndGlobalSection
EndGlobal
